
Microsoft Visual Studio Solution File, Format Version 12.00
# Visual Studio Version 16
VisualStudioVersion = 16.0.34407.143
MinimumVisualStudioVersion = 10.0.40219.1
Project("{FAE04EC0-301F-11D3-BF4B-00C04F79EFBC}") = "po", "po\po.csproj", "{7C67E74E-5137-45B9-BF1E-4663FA054613}"
EndProject
Global
	GlobalSection(SolutionConfigurationPlatforms) = preSolution
		Debug|Any CPU = Debug|Any CPU
		Release|Any CPU = Release|Any CPU
	EndGlobalSection
	GlobalSection(ProjectConfigurationPlatforms) = postSolution
		{7C67E74E-5137-45B9-BF1E-4663FA054613}.Debug|Any CPU.ActiveCfg = Debug|Any CPU
		{7C67E74E-5137-45B9-BF1E-4663FA054613}.Debug|Any CPU.Build.0 = Debug|Any CPU
		{7C67E74E-5137-45B9-BF1E-4663FA054613}.Release|Any CPU.ActiveCfg = Release|Any CPU
		{7C67E74E-5137-45B9-BF1E-4663FA054613}.Release|Any CPU.Build.0 = Release|Any CPU
	EndGlobalSection
	GlobalSection(SolutionProperties) = preSolution
		HideSolutionNode = FALSE
	EndGlobalSection
	GlobalSection(ExtensibilityGlobals) = postSolution
		SolutionGuid = {88D88CBC-E1AD-45B7-99AB-BECB35BEEFBC}
	EndGlobalSection
EndGlobal
